// !$*UTF8*$!
{
	archiveVersion = 1;
	classes = {
	};
	objectVersion = 56;
	objects = {

/* Begin PBXBuildFile section */
		F979AD4D2AC4141600E18E0B /* DeviceController.swift in Sources */ = {isa = PBXBuildFile; fileRef = F979AD4C2AC4141600E18E0B /* DeviceController.swift */; };
		F979AD4F2AC414E900E18E0B /* Device.swift in Sources */ = {isa = PBXBuildFile; fileRef = F979AD4E2AC414E900E18E0B /* Device.swift */; };
		F979AD512AC41C4200E18E0B /* ItemReviewVC.swift in Sources */ = {isa = PBXBuildFile; fileRef = F979AD502AC41C4200E18E0B /* ItemReviewVC.swift */; };
		F990D3872AC340AC008C9286 /* AppDelegate.swift in Sources */ = {isa = PBXBuildFile; fileRef = F990D3862AC340AC008C9286 /* AppDelegate.swift */; };
		F990D3892AC340AC008C9286 /* SceneDelegate.swift in Sources */ = {isa = PBXBuildFile; fileRef = F990D3882AC340AC008C9286 /* SceneDelegate.swift */; };
		F990D38B2AC340AC008C9286 /* ViewController.swift in Sources */ = {isa = PBXBuildFile; fileRef = F990D38A2AC340AC008C9286 /* ViewController.swift */; };
		F990D38E2AC340AC008C9286 /* Main.storyboard in Resources */ = {isa = PBXBuildFile; fileRef = F990D38C2AC340AC008C9286 /* Main.storyboard */; };
		F990D3902AC340AD008C9286 /* Assets.xcassets in Resources */ = {isa = PBXBuildFile; fileRef = F990D38F2AC340AD008C9286 /* Assets.xcassets */; };
		F990D3932AC340AD008C9286 /* LaunchScreen.storyboard in Resources */ = {isa = PBXBuildFile; fileRef = F990D3912AC340AD008C9286 /* LaunchScreen.storyboard */; };
/* End PBXBuildFile section */

/* Begin PBXFileReference section */
		F979AD4C2AC4141600E18E0B /* DeviceController.swift */ = {isa = PBXFileReference; lastKnownFileType = sourcecode.swift; path = DeviceController.swift; sourceTree = "<group>"; };
		F979AD4E2AC414E900E18E0B /* Device.swift */ = {isa = PBXFileReference; lastKnownFileType = sourcecode.swift; path = Device.swift; sourceTree = "<group>"; };
		F979AD502AC41C4200E18E0B /* ItemReviewVC.swift */ = {isa = PBXFileReference; lastKnownFileType = sourcecode.swift; path = ItemReviewVC.swift; sourceTree = "<group>"; };
		F990D3832AC340AC008C9286 /* DeviceShop.app */ = {isa = PBXFileReference; explicitFileType = wrapper.application; includeInIndex = 0; path = DeviceShop.app; sourceTree = BUILT_PRODUCTS_DIR; };
		F990D3862AC340AC008C9286 /* AppDelegate.swift */ = {isa = PBXFileReference; lastKnownFileType = sourcecode.swift; path = AppDelegate.swift; sourceTree = "<group>"; };
		F990D3882AC340AC008C9286 /* SceneDelegate.swift */ = {isa = PBXFileReference; lastKnownFileType = sourcecode.swift; path = SceneDelegate.swift; sourceTree = "<group>"; };
		F990D38A2AC340AC008C9286 /* ViewController.swift */ = {isa = PBXFileReference; lastKnownFileType = sourcecode.swift; path = ViewController.swift; sourceTree = "<group>"; };
		F990D38D2AC340AC008C9286 /* Base */ = {isa = PBXFileReference; lastKnownFileType = file.storyboard; name = Base; path = Base.lproj/Main.storyboard; sourceTree = "<group>"; };
		F990D38F2AC340AD008C9286 /* Assets.xcassets */ = {isa = PBXFileReference; lastKnownFileType = folder.assetcatalog; path = Assets.xcassets; sourceTree = "<group>"; };
		F990D3922AC340AD008C9286 /* Base */ = {isa = PBXFileReference; lastKnownFileType = file.storyboard; name = Base; path = Base.lproj/LaunchScreen.storyboard; sourceTree = "<group>"; };
		F990D3942AC340AD008C9286 /* Info.plist */ = {isa = PBXFileReference; lastKnownFileType = text.plist.xml; path = Info.plist; sourceTree = "<group>"; };
/* End PBXFileReference section */

/* Begin PBXFrameworksBuildPhase section */
		F990D3802AC340AC008C9286 /* Frameworks */ = {
			isa = PBXFrameworksBuildPhase;
			buildActionMask = 2147483647;
			files = (
			);
			runOnlyForDeploymentPostprocessing = 0;
		};
/* End PBXFrameworksBuildPhase section */

/* Begin PBXGroup section */
		F990D37A2AC340AC008C9286 = {
			isa = PBXGroup;
			children = (
				F990D3852AC340AC008C9286 /* DeviceShop */,
				F990D3842AC340AC008C9286 /* Products */,
			);
			sourceTree = "<group>";
		};
		F990D3842AC340AC008C9286 /* Products */ = {
			isa = PBXGroup;
			children = (
				F990D3832AC340AC008C9286 /* DeviceShop.app */,
			);
			name = Products;
			sourceTree = "<group>";
		};
		F990D3852AC340AC008C9286 /* DeviceShop */ = {
			isa = PBXGroup;
			children = (
				F990D39B2AC343CD008C9286 /* ViewControllers */,
				F990D39A2AC343C2008C9286 /* Models */,
				F990D3862AC340AC008C9286 /* AppDelegate.swift */,
				F990D3882AC340AC008C9286 /* SceneDelegate.swift */,
				F990D38C2AC340AC008C9286 /* Main.storyboard */,
				F990D38F2AC340AD008C9286 /* Assets.xcassets */,
				F990D3912AC340AD008C9286 /* LaunchScreen.storyboard */,
				F990D3942AC340AD008C9286 /* Info.plist */,
			);
			path = DeviceShop;
			sourceTree = "<group>";
		};
		F990D39A2AC343C2008C9286 /* Models */ = {
			isa = PBXGroup;
			children = (
				F979AD4C2AC4141600E18E0B /* DeviceController.swift */,
				F979AD4E2AC414E900E18E0B /* Device.swift */,
			);
			path = Models;
			sourceTree = "<group>";
		};
		F990D39B2AC343CD008C9286 /* ViewControllers */ = {
			isa = PBXGroup;
			children = (
				F990D38A2AC340AC008C9286 /* ViewController.swift */,
				F979AD502AC41C4200E18E0B /* ItemReviewVC.swift */,
			);
			path = ViewControllers;
			sourceTree = "<group>";
		};
/* End PBXGroup section */

/* Begin PBXNativeTarget section */
		F990D3822AC340AC008C9286 /* DeviceShop */ = {
			isa = PBXNativeTarget;
			buildConfigurationList = F990D3972AC340AD008C9286 /* Build configuration list for PBXNativeTarget "DeviceShop" */;
			buildPhases = (
				F990D37F2AC340AC008C9286 /* Sources */,
				F990D3802AC340AC008C9286 /* Frameworks */,
				F990D3812AC340AC008C9286 /* Resources */,
			);
			buildRules = (
			);
			dependencies = (
			);
			name = DeviceShop;
			productName = DeviceShop;
			productReference = F990D3832AC340AC008C9286 /* DeviceShop.app */;
			productType = "com.apple.product-type.application";
		};
/* End PBXNativeTarget section */

/* Begin PBXProject section */
		F990D37B2AC340AC008C9286 /* Project object */ = {
			isa = PBXProject;
			attributes = {
				BuildIndependentTargetsInParallel = 1;
				LastSwiftUpdateCheck = 1430;
				LastUpgradeCheck = 1430;
				TargetAttributes = {
					F990D3822AC340AC008C9286 = {
						CreatedOnToolsVersion = 14.3.1;
					};
				};
			};
			buildConfigurationList = F990D37E2AC340AC008C9286 /* Build configuration list for PBXProject "DeviceShop" */;
			compatibilityVersion = "Xcode 14.0";
			developmentRegion = en;
			hasScannedForEncodings = 0;
			knownRegions = (
				en,
				Base,
			);
			mainGroup = F990D37A2AC340AC008C9286;
			productRefGroup = F990D3842AC340AC008C9286 /* Products */;
			projectDirPath = "";
			projectRoot = "";
			targets = (
				F990D3822AC340AC008C9286 /* DeviceShop */,
			);
		};
/* End PBXProject section */

/* Begin PBXResourcesBuildPhase section */
		F990D3812AC340AC008C9286 /* Resources */ = {
			isa = PBXResourcesBuildPhase;
			buildActionMask = 2147483647;
			files = (
				F990D3932AC340AD008C9286 /* LaunchScreen.storyboard in Resources */,
				F990D3902AC340AD008C9286 /* Assets.xcassets in Resources */,
				F990D38E2AC340AC008C9286 /* Main.storyboard in Resources */,
			);
			runOnlyForDeploymentPostprocessing = 0;
		};
/* End PBXResourcesBuildPhase section */

/* Begin PBXSourcesBuildPhase section */
		F990D37F2AC340AC008C9286 /* Sources */ = {
			isa = PBXSourcesBuildPhase;
			buildActionMask = 2147483647;
			files = (
				F990D38B2AC340AC008C9286 /* ViewController.swift in Sources */,
				F979AD4D2AC4141600E18E0B /* DeviceController.swift in Sources */,
				F990D3872AC340AC008C9286 /* AppDelegate.swift in Sources */,
				F990D3892AC340AC008C9286 /* SceneDelegate.swift in Sources */,
				F979AD4F2AC414E900E18E0B /* Device.swift in Sources */,
				F979AD512AC41C4200E18E0B /* ItemReviewVC.swift in Sources */,
			);
			runOnlyForDeploymentPostprocessing = 0;
		};
/* End PBXSourcesBuildPhase section */

/* Begin PBXVariantGroup section */
		F990D38C2AC340AC008C9286 /* Main.storyboard */ = {
			isa = PBXVariantGroup;
			children = (
				F990D38D2AC340AC008C9286 /* Base */,
			);
			name = Main.storyboard;
			sourceTree = "<group>";
		};
		F990D3912AC340AD008C9286 /* LaunchScreen.storyboard */ = {
			isa = PBXVariantGroup;
			children = (
				F990D3922AC340AD008C9286 /* Base */,
			);
			name = LaunchScreen.storyboard;
			sourceTree = "<group>";
		};
/* End PBXVariantGroup section */

/* Begin XCBuildConfiguration section */
		F990D3952AC340AD008C9286 /* Debug */ = {
			isa = XCBuildConfiguration;
			buildSettings = {
				ALWAYS_SEARCH_USER_PATHS = NO;
				CLANG_ANALYZER_NONNULL = YES;
				CLANG_ANALYZER_NUMBER_OBJECT_CONVERSION = YES_AGGRESSIVE;
				CLANG_CXX_LANGUAGE_STANDARD = "gnu++20";
				CLANG_ENABLE_MODULES = YES;
				CLANG_ENABLE_OBJC_ARC = YES;
				CLANG_ENABLE_OBJC_WEAK = YES;
				CLANG_WARN_BLOCK_CAPTURE_AUTORELEASING = YES;
				CLANG_WARN_BOOL_CONVERSION = YES;
				CLANG_WARN_COMMA = YES;
				CLANG_WARN_CONSTANT_CONVERSION = YES;
				CLANG_WARN_DEPRECATED_OBJC_IMPLEMENTATIONS = YES;
				CLANG_WARN_DIRECT_OBJC_ISA_USAGE = YES_ERROR;
				CLANG_WARN_DOCUMENTATION_COMMENTS = YES;
				CLANG_WARN_EMPTY_BODY = YES;
				CLANG_WARN_ENUM_CONVERSION = YES;
				CLANG_WARN_INFINITE_RECURSION = YES;
				CLANG_WARN_INT_CONVERSION = YES;
				CLANG_WARN_NON_LITERAL_NULL_CONVERSION = YES;
				CLANG_WARN_OBJC_IMPLICIT_RETAIN_SELF = YES;
				CLANG_WARN_OBJC_LITERAL_CONVERSION = YES;
				CLANG_WARN_OBJC_ROOT_CLASS = YES_ERROR;
				CLANG_WARN_QUOTED_INCLUDE_IN_FRAMEWORK_HEADER = YES;
				CLANG_WARN_RANGE_LOOP_ANALYSIS = YES;
				CLANG_WARN_STRICT_PROTOTYPES = YES;
				CLANG_WARN_SUSPICIOUS_MOVE = YES;
				CLANG_WARN_UNGUARDED_AVAILABILITY = YES_AGGRESSIVE;
				CLANG_WARN_UNREACHABLE_CODE = YES;
				CLANG_WARN__DUPLICATE_METHOD_MATCH = YES;
				COPY_PHASE_STRIP = NO;
				DEBUG_INFORMATION_FORMAT = dwarf;
				ENABLE_STRICT_OBJC_MSGSEND = YES;
				ENABLE_TESTABILITY = YES;
				GCC_C_LANGUAGE_STANDARD = gnu11;
				GCC_DYNAMIC_NO_PIC = NO;
				GCC_NO_COMMON_BLOCKS = YES;
				GCC_OPTIMIZATION_LEVEL = 0;
				GCC_PREPROCESSOR_DEFINITIONS = (
					"DEBUG=1",
					"$(inherited)",
				);
				GCC_WARN_64_TO_32_BIT_CONVERSION = YES;
				GCC_WARN_ABOUT_RETURN_TYPE = YES_ERROR;
				GCC_WARN_UNDECLARED_SELECTOR = YES;
				GCC_WARN_UNINITIALIZED_AUTOS = YES_AGGRESSIVE;
				GCC_WARN_UNUSED_FUNCTION = YES;
				GCC_WARN_UNUSED_VARIABLE = YES;
				IPHONEOS_DEPLOYMENT_TARGET = 16.4;
				MTL_ENABLE_DEBUG_INFO = INCLUDE_SOURCE;
				MTL_FAST_MATH = YES;
				ONLY_ACTIVE_ARCH = YES;
				SDKROOT = iphoneos;
				SWIFT_ACTIVE_COMPILATION_CONDITIONS = DEBUG;
				SWIFT_OPTIMIZATION_LEVEL = "-Onone";
			};
			name = Debug;
		};
		F990D3962AC340AD008C9286 /* Release */ = {
			isa = XCBuildConfiguration;
			buildSettings = {
				ALWAYS_SEARCH_USER_PATHS = NO;
				CLANG_ANALYZER_NONNULL = YES;
				CLANG_ANALYZER_NUMBER_OBJECT_CONVERSION = YES_AGGRESSIVE;
				CLANG_CXX_LANGUAGE_STANDARD = "gnu++20";
				CLANG_ENABLE_MODULES = YES;
				CLANG_ENABLE_OBJC_ARC = YES;
				CLANG_ENABLE_OBJC_WEAK = YES;
				CLANG_WARN_BLOCK_CAPTURE_AUTORELEASING = YES;
				CLANG_WARN_BOOL_CONVERSION = YES;
				CLANG_WARN_COMMA = YES;
				CLANG_WARN_CONSTANT_CONVERSION = YES;
				CLANG_WARN_DEPRECATED_OBJC_IMPLEMENTATIONS = YES;
				CLANG_WARN_DIRECT_OBJC_ISA_USAGE = YES_ERROR;
				CLANG_WARN_DOCUMENTATION_COMMENTS = YES;
				CLANG_WARN_EMPTY_BODY = YES;
				CLANG_WARN_ENUM_CONVERSION = YES;
				CLANG_WARN_INFINITE_RECURSION = YES;
				CLANG_WARN_INT_CONVERSION = YES;
				CLANG_WARN_NON_LITERAL_NULL_CONVERSION = YES;
				CLANG_WARN_OBJC_IMPLICIT_RETAIN_SELF = YES;
				CLANG_WARN_OBJC_LITERAL_CONVERSION = YES;
				CLANG_WARN_OBJC_ROOT_CLASS = YES_ERROR;
				CLANG_WARN_QUOTED_INCLUDE_IN_FRAMEWORK_HEADER = YES;
				CLANG_WARN_RANGE_LOOP_ANALYSIS = YES;
				CLANG_WARN_STRICT_PROTOTYPES = YES;
				CLANG_WARN_SUSPICIOUS_MOVE = YES;
				CLANG_WARN_UNGUARDED_AVAILABILITY = YES_AGGRESSIVE;
				CLANG_WARN_UNREACHABLE_CODE = YES;
				CLANG_WARN__DUPLICATE_METHOD_MATCH = YES;
				COPY_PHASE_STRIP = NO;
				DEBUG_INFORMATION_FORMAT = "dwarf-with-dsym";
				ENABLE_NS_ASSERTIONS = NO;
				ENABLE_STRICT_OBJC_MSGSEND = YES;
				GCC_C_LANGUAGE_STANDARD = gnu11;
				GCC_NO_COMMON_BLOCKS = YES;
				GCC_WARN_64_TO_32_BIT_CONVERSION = YES;
				GCC_WARN_ABOUT_RETURN_TYPE = YES_ERROR;
				GCC_WARN_UNDECLARED_SELECTOR = YES;
				GCC_WARN_UNINITIALIZED_AUTOS = YES_AGGRESSIVE;
				GCC_WARN_UNUSED_FUNCTION = YES;
				GCC_WARN_UNUSED_VARIABLE = YES;
				IPHONEOS_DEPLOYMENT_TARGET = 16.4;
				MTL_ENABLE_DEBUG_INFO = NO;
				MTL_FAST_MATH = YES;
				SDKROOT = iphoneos;
				SWIFT_COMPILATION_MODE = wholemodule;
				SWIFT_OPTIMIZATION_LEVEL = "-O";
				VALIDATE_PRODUCT = YES;
			};
			name = Release;
		};
		F990D3982AC340AD008C9286 /* Debug */ = {
			isa = XCBuildConfiguration;
			buildSettings = {
				ASSETCATALOG_COMPILER_APPICON_NAME = AppIcon;
				ASSETCATALOG_COMPILER_GLOBAL_ACCENT_COLOR_NAME = AccentColor;
				CODE_SIGN_STYLE = Automatic;
				CURRENT_PROJECT_VERSION = 1;
				GENERATE_INFOPLIST_FILE = YES;
				INFOPLIST_FILE = DeviceShop/Info.plist;
				INFOPLIST_KEY_UIApplicationSupportsIndirectInputEvents = YES;
				INFOPLIST_KEY_UILaunchStoryboardName = LaunchScreen;
				INFOPLIST_KEY_UIMainStoryboardFile = Main;
				INFOPLIST_KEY_UISupportedInterfaceOrientations = UIInterfaceOrientationPortrait;
				INFOPLIST_KEY_UISupportedInterfaceOrientations_iPad = "UIInterfaceOrientationLandscapeLeft UIInterfaceOrientationLandscapeRight UIInterfaceOrientationPortrait UIInterfaceOrientationPortraitUpsideDown";
				LD_RUNPATH_SEARCH_PATHS = (
					"$(inherited)",
					"@executable_path/Frameworks",
				);
				MARKETING_VERSION = 1.0;
				PRODUCT_BUNDLE_IDENTIFIER = jykaswift.DeviceShop;
				PRODUCT_NAME = "$(TARGET_NAME)";
				SWIFT_EMIT_LOC_STRINGS = YES;
				SWIFT_VERSION = 5.0;
				TARGETED_DEVICE_FAMILY = "1,2";
			};
			name = Debug;
		};
		F990D3992AC340AD008C9286 /* Release */ = {
			isa = XCBuildConfiguration;
			buildSettings = {
				ASSETCATALOG_COMPILER_APPICON_NAME = AppIcon;
				ASSETCATALOG_COMPILER_GLOBAL_ACCENT_COLOR_NAME = AccentColor;
				CODE_SIGN_STYLE = Automatic;
				CURRENT_PROJECT_VERSION = 1;
				GENERATE_INFOPLIST_FILE = YES;
				INFOPLIST_FILE = DeviceShop/Info.plist;
				INFOPLIST_KEY_UIApplicationSupportsIndirectInputEvents = YES;
				INFOPLIST_KEY_UILaunchStoryboardName = LaunchScreen;
				INFOPLIST_KEY_UIMainStoryboardFile = Main;
				INFOPLIST_KEY_UISupportedInterfaceOrientations = UIInterfaceOrientationPortrait;
				INFOPLIST_KEY_UISupportedInterfaceOrientations_iPad = "UIInterfaceOrientationLandscapeLeft UIInterfaceOrientationLandscapeRight UIInterfaceOrientationPortrait UIInterfaceOrientationPortraitUpsideDown";
				LD_RUNPATH_SEARCH_PATHS = (
					"$(inherited)",
					"@executable_path/Frameworks",
				);
				MARKETING_VERSION = 1.0;
				PRODUCT_BUNDLE_IDENTIFIER = jykaswift.DeviceShop;
				PRODUCT_NAME = "$(TARGET_NAME)";
				SWIFT_EMIT_LOC_STRINGS = YES;
				SWIFT_VERSION = 5.0;
				TARGETED_DEVICE_FAMILY = "1,2";
			};
			name = Release;
		};
/* End XCBuildConfiguration section */

/* Begin XCConfigurationList section */
		F990D37E2AC340AC008C9286 /* Build configuration list for PBXProject "DeviceShop" */ = {
			isa = XCConfigurationList;
			buildConfigurations = (
				F990D3952AC340AD008C9286 /* Debug */,
				F990D3962AC340AD008C9286 /* Release */,
			);
			defaultConfigurationIsVisible = 0;
			defaultConfigurationName = Release;
		};
		F990D3972AC340AD008C9286 /* Build configuration list for PBXNativeTarget "DeviceShop" */ = {
			isa = XCConfigurationList;
			buildConfigurations = (
				F990D3982AC340AD008C9286 /* Debug */,
				F990D3992AC340AD008C9286 /* Release */,
			);
			defaultConfigurationIsVisible = 0;
			defaultConfigurationName = Release;
		};
/* End XCConfigurationList section */
	};
	rootObject = F990D37B2AC340AC008C9286 /* Project object */;
}
