// !$*UTF8*$!
{
	archiveVersion = 1;
	classes = {
	};
	objectVersion = 56;
	objects = {

/* Begin PBXBuildFile section */
		F968E52D2AF1232100FB73C5 /* AppDelegate.swift in Sources */ = {isa = PBXBuildFile; fileRef = F968E52C2AF1232100FB73C5 /* AppDelegate.swift */; };
		F968E52F2AF1232100FB73C5 /* SceneDelegate.swift in Sources */ = {isa = PBXBuildFile; fileRef = F968E52E2AF1232100FB73C5 /* SceneDelegate.swift */; };
		F968E5312AF1232100FB73C5 /* MainVC.swift in Sources */ = {isa = PBXBuildFile; fileRef = F968E5302AF1232100FB73C5 /* MainVC.swift */; };
		F968E5362AF1232300FB73C5 /* Assets.xcassets in Resources */ = {isa = PBXBuildFile; fileRef = F968E5352AF1232300FB73C5 /* Assets.xcassets */; };
		F968E5392AF1232300FB73C5 /* LaunchScreen.storyboard in Resources */ = {isa = PBXBuildFile; fileRef = F968E5372AF1232300FB73C5 /* LaunchScreen.storyboard */; };
		F968E5422AF124E200FB73C5 /* TabBarViewController.swift in Sources */ = {isa = PBXBuildFile; fileRef = F968E5412AF124E200FB73C5 /* TabBarViewController.swift */; };
		F97233072AF3FF2400648252 /* BrowserVC.swift in Sources */ = {isa = PBXBuildFile; fileRef = F97233062AF3FF2400648252 /* BrowserVC.swift */; };
		F974F24B2AF28DBE000CADA5 /* Product.swift in Sources */ = {isa = PBXBuildFile; fileRef = F974F24A2AF28DBE000CADA5 /* Product.swift */; };
		F974F24D2AF29690000CADA5 /* DetailVC.swift in Sources */ = {isa = PBXBuildFile; fileRef = F974F24C2AF29690000CADA5 /* DetailVC.swift */; };
		F97CF3022AFCDEAC005A1495 /* ForYouVC.swift in Sources */ = {isa = PBXBuildFile; fileRef = F97CF3012AFCDEAC005A1495 /* ForYouVC.swift */; };
		F97CF3042AFD2422005A1495 /* StorageManager.swift in Sources */ = {isa = PBXBuildFile; fileRef = F97CF3032AFD2422005A1495 /* StorageManager.swift */; };
		F97CF3062AFD533F005A1495 /* LoadingVC.swift in Sources */ = {isa = PBXBuildFile; fileRef = F97CF3052AFD533F005A1495 /* LoadingVC.swift */; };
/* End PBXBuildFile section */

/* Begin PBXFileReference section */
		F968E5292AF1232100FB73C5 /* shop.app */ = {isa = PBXFileReference; explicitFileType = wrapper.application; includeInIndex = 0; path = shop.app; sourceTree = BUILT_PRODUCTS_DIR; };
		F968E52C2AF1232100FB73C5 /* AppDelegate.swift */ = {isa = PBXFileReference; lastKnownFileType = sourcecode.swift; path = AppDelegate.swift; sourceTree = "<group>"; };
		F968E52E2AF1232100FB73C5 /* SceneDelegate.swift */ = {isa = PBXFileReference; lastKnownFileType = sourcecode.swift; path = SceneDelegate.swift; sourceTree = "<group>"; };
		F968E5302AF1232100FB73C5 /* MainVC.swift */ = {isa = PBXFileReference; lastKnownFileType = sourcecode.swift; path = MainVC.swift; sourceTree = "<group>"; };
		F968E5352AF1232300FB73C5 /* Assets.xcassets */ = {isa = PBXFileReference; lastKnownFileType = folder.assetcatalog; path = Assets.xcassets; sourceTree = "<group>"; };
		F968E5382AF1232300FB73C5 /* Base */ = {isa = PBXFileReference; lastKnownFileType = file.storyboard; name = Base; path = Base.lproj/LaunchScreen.storyboard; sourceTree = "<group>"; };
		F968E53A2AF1232300FB73C5 /* Info.plist */ = {isa = PBXFileReference; lastKnownFileType = text.plist.xml; path = Info.plist; sourceTree = "<group>"; };
		F968E5412AF124E200FB73C5 /* TabBarViewController.swift */ = {isa = PBXFileReference; lastKnownFileType = sourcecode.swift; path = TabBarViewController.swift; sourceTree = "<group>"; };
		F97233062AF3FF2400648252 /* BrowserVC.swift */ = {isa = PBXFileReference; lastKnownFileType = sourcecode.swift; path = BrowserVC.swift; sourceTree = "<group>"; };
		F974F24A2AF28DBE000CADA5 /* Product.swift */ = {isa = PBXFileReference; lastKnownFileType = sourcecode.swift; path = Product.swift; sourceTree = "<group>"; };
		F974F24C2AF29690000CADA5 /* DetailVC.swift */ = {isa = PBXFileReference; lastKnownFileType = sourcecode.swift; path = DetailVC.swift; sourceTree = "<group>"; };
		F97CF3012AFCDEAC005A1495 /* ForYouVC.swift */ = {isa = PBXFileReference; lastKnownFileType = sourcecode.swift; path = ForYouVC.swift; sourceTree = "<group>"; };
		F97CF3032AFD2422005A1495 /* StorageManager.swift */ = {isa = PBXFileReference; lastKnownFileType = sourcecode.swift; path = StorageManager.swift; sourceTree = "<group>"; };
		F97CF3052AFD533F005A1495 /* LoadingVC.swift */ = {isa = PBXFileReference; lastKnownFileType = sourcecode.swift; path = LoadingVC.swift; sourceTree = "<group>"; };
/* End PBXFileReference section */

/* Begin PBXFrameworksBuildPhase section */
		F968E5262AF1232100FB73C5 /* Frameworks */ = {
			isa = PBXFrameworksBuildPhase;
			buildActionMask = 2147483647;
			files = (
			);
			runOnlyForDeploymentPostprocessing = 0;
		};
/* End PBXFrameworksBuildPhase section */

/* Begin PBXGroup section */
		F968E5202AF1232100FB73C5 = {
			isa = PBXGroup;
			children = (
				F968E52B2AF1232100FB73C5 /* shop */,
				F968E52A2AF1232100FB73C5 /* Products */,
			);
			sourceTree = "<group>";
		};
		F968E52A2AF1232100FB73C5 /* Products */ = {
			isa = PBXGroup;
			children = (
				F968E5292AF1232100FB73C5 /* shop.app */,
			);
			name = Products;
			sourceTree = "<group>";
		};
		F968E52B2AF1232100FB73C5 /* shop */ = {
			isa = PBXGroup;
			children = (
				F974F2492AF28DAD000CADA5 /* Model */,
				F968E5402AF124AA00FB73C5 /* VC */,
				F968E52C2AF1232100FB73C5 /* AppDelegate.swift */,
				F968E52E2AF1232100FB73C5 /* SceneDelegate.swift */,
				F968E5352AF1232300FB73C5 /* Assets.xcassets */,
				F968E5372AF1232300FB73C5 /* LaunchScreen.storyboard */,
				F968E53A2AF1232300FB73C5 /* Info.plist */,
			);
			path = shop;
			sourceTree = "<group>";
		};
		F968E5402AF124AA00FB73C5 /* VC */ = {
			isa = PBXGroup;
			children = (
				F968E5302AF1232100FB73C5 /* MainVC.swift */,
				F968E5412AF124E200FB73C5 /* TabBarViewController.swift */,
				F974F24C2AF29690000CADA5 /* DetailVC.swift */,
				F97233062AF3FF2400648252 /* BrowserVC.swift */,
				F97CF3012AFCDEAC005A1495 /* ForYouVC.swift */,
				F97CF3052AFD533F005A1495 /* LoadingVC.swift */,
			);
			path = VC;
			sourceTree = "<group>";
		};
		F974F2492AF28DAD000CADA5 /* Model */ = {
			isa = PBXGroup;
			children = (
				F974F24A2AF28DBE000CADA5 /* Product.swift */,
				F97CF3032AFD2422005A1495 /* StorageManager.swift */,
			);
			path = Model;
			sourceTree = "<group>";
		};
/* End PBXGroup section */

/* Begin PBXNativeTarget section */
		F968E5282AF1232100FB73C5 /* shop */ = {
			isa = PBXNativeTarget;
			buildConfigurationList = F968E53D2AF1232300FB73C5 /* Build configuration list for PBXNativeTarget "shop" */;
			buildPhases = (
				F968E5252AF1232100FB73C5 /* Sources */,
				F968E5262AF1232100FB73C5 /* Frameworks */,
				F968E5272AF1232100FB73C5 /* Resources */,
			);
			buildRules = (
			);
			dependencies = (
			);
			name = shop;
			productName = shop;
			productReference = F968E5292AF1232100FB73C5 /* shop.app */;
			productType = "com.apple.product-type.application";
		};
/* End PBXNativeTarget section */

/* Begin PBXProject section */
		F968E5212AF1232100FB73C5 /* Project object */ = {
			isa = PBXProject;
			attributes = {
				BuildIndependentTargetsInParallel = 1;
				LastSwiftUpdateCheck = 1500;
				LastUpgradeCheck = 1500;
				TargetAttributes = {
					F968E5282AF1232100FB73C5 = {
						CreatedOnToolsVersion = 15.0;
					};
				};
			};
			buildConfigurationList = F968E5242AF1232100FB73C5 /* Build configuration list for PBXProject "shop" */;
			compatibilityVersion = "Xcode 14.0";
			developmentRegion = en;
			hasScannedForEncodings = 0;
			knownRegions = (
				en,
				Base,
			);
			mainGroup = F968E5202AF1232100FB73C5;
			productRefGroup = F968E52A2AF1232100FB73C5 /* Products */;
			projectDirPath = "";
			projectRoot = "";
			targets = (
				F968E5282AF1232100FB73C5 /* shop */,
			);
		};
/* End PBXProject section */

/* Begin PBXResourcesBuildPhase section */
		F968E5272AF1232100FB73C5 /* Resources */ = {
			isa = PBXResourcesBuildPhase;
			buildActionMask = 2147483647;
			files = (
				F968E5392AF1232300FB73C5 /* LaunchScreen.storyboard in Resources */,
				F968E5362AF1232300FB73C5 /* Assets.xcassets in Resources */,
			);
			runOnlyForDeploymentPostprocessing = 0;
		};
/* End PBXResourcesBuildPhase section */

/* Begin PBXSourcesBuildPhase section */
		F968E5252AF1232100FB73C5 /* Sources */ = {
			isa = PBXSourcesBuildPhase;
			buildActionMask = 2147483647;
			files = (
				F968E5422AF124E200FB73C5 /* TabBarViewController.swift in Sources */,
				F968E5312AF1232100FB73C5 /* MainVC.swift in Sources */,
				F974F24B2AF28DBE000CADA5 /* Product.swift in Sources */,
				F97CF3042AFD2422005A1495 /* StorageManager.swift in Sources */,
				F968E52D2AF1232100FB73C5 /* AppDelegate.swift in Sources */,
				F968E52F2AF1232100FB73C5 /* SceneDelegate.swift in Sources */,
				F974F24D2AF29690000CADA5 /* DetailVC.swift in Sources */,
				F97CF3022AFCDEAC005A1495 /* ForYouVC.swift in Sources */,
				F97233072AF3FF2400648252 /* BrowserVC.swift in Sources */,
				F97CF3062AFD533F005A1495 /* LoadingVC.swift in Sources */,
			);
			runOnlyForDeploymentPostprocessing = 0;
		};
/* End PBXSourcesBuildPhase section */

/* Begin PBXVariantGroup section */
		F968E5372AF1232300FB73C5 /* LaunchScreen.storyboard */ = {
			isa = PBXVariantGroup;
			children = (
				F968E5382AF1232300FB73C5 /* Base */,
			);
			name = LaunchScreen.storyboard;
			sourceTree = "<group>";
		};
/* End PBXVariantGroup section */

/* Begin XCBuildConfiguration section */
		F968E53B2AF1232300FB73C5 /* Debug */ = {
			isa = XCBuildConfiguration;
			buildSettings = {
				ALWAYS_SEARCH_USER_PATHS = NO;
				ASSETCATALOG_COMPILER_GENERATE_SWIFT_ASSET_SYMBOL_EXTENSIONS = YES;
				CLANG_ANALYZER_NONNULL = YES;
				CLANG_ANALYZER_NUMBER_OBJECT_CONVERSION = YES_AGGRESSIVE;
				CLANG_CXX_LANGUAGE_STANDARD = "gnu++20";
				CLANG_ENABLE_MODULES = YES;
				CLANG_ENABLE_OBJC_ARC = YES;
				CLANG_ENABLE_OBJC_WEAK = YES;
				CLANG_WARN_BLOCK_CAPTURE_AUTORELEASING = YES;
				CLANG_WARN_BOOL_CONVERSION = YES;
				CLANG_WARN_COMMA = YES;
				CLANG_WARN_CONSTANT_CONVERSION = YES;
				CLANG_WARN_DEPRECATED_OBJC_IMPLEMENTATIONS = YES;
				CLANG_WARN_DIRECT_OBJC_ISA_USAGE = YES_ERROR;
				CLANG_WARN_DOCUMENTATION_COMMENTS = YES;
				CLANG_WARN_EMPTY_BODY = YES;
				CLANG_WARN_ENUM_CONVERSION = YES;
				CLANG_WARN_INFINITE_RECURSION = YES;
				CLANG_WARN_INT_CONVERSION = YES;
				CLANG_WARN_NON_LITERAL_NULL_CONVERSION = YES;
				CLANG_WARN_OBJC_IMPLICIT_RETAIN_SELF = YES;
				CLANG_WARN_OBJC_LITERAL_CONVERSION = YES;
				CLANG_WARN_OBJC_ROOT_CLASS = YES_ERROR;
				CLANG_WARN_QUOTED_INCLUDE_IN_FRAMEWORK_HEADER = YES;
				CLANG_WARN_RANGE_LOOP_ANALYSIS = YES;
				CLANG_WARN_STRICT_PROTOTYPES = YES;
				CLANG_WARN_SUSPICIOUS_MOVE = YES;
				CLANG_WARN_UNGUARDED_AVAILABILITY = YES_AGGRESSIVE;
				CLANG_WARN_UNREACHABLE_CODE = YES;
				CLANG_WARN__DUPLICATE_METHOD_MATCH = YES;
				COPY_PHASE_STRIP = NO;
				DEBUG_INFORMATION_FORMAT = dwarf;
				ENABLE_STRICT_OBJC_MSGSEND = YES;
				ENABLE_TESTABILITY = YES;
				ENABLE_USER_SCRIPT_SANDBOXING = YES;
				GCC_C_LANGUAGE_STANDARD = gnu17;
				GCC_DYNAMIC_NO_PIC = NO;
				GCC_NO_COMMON_BLOCKS = YES;
				GCC_OPTIMIZATION_LEVEL = 0;
				GCC_PREPROCESSOR_DEFINITIONS = (
					"DEBUG=1",
					"$(inherited)",
				);
				GCC_WARN_64_TO_32_BIT_CONVERSION = YES;
				GCC_WARN_ABOUT_RETURN_TYPE = YES_ERROR;
				GCC_WARN_UNDECLARED_SELECTOR = YES;
				GCC_WARN_UNINITIALIZED_AUTOS = YES_AGGRESSIVE;
				GCC_WARN_UNUSED_FUNCTION = YES;
				GCC_WARN_UNUSED_VARIABLE = YES;
				IPHONEOS_DEPLOYMENT_TARGET = 17.0;
				LOCALIZATION_PREFERS_STRING_CATALOGS = YES;
				MTL_ENABLE_DEBUG_INFO = INCLUDE_SOURCE;
				MTL_FAST_MATH = YES;
				ONLY_ACTIVE_ARCH = YES;
				SDKROOT = iphoneos;
				SWIFT_ACTIVE_COMPILATION_CONDITIONS = "DEBUG $(inherited)";
				SWIFT_OPTIMIZATION_LEVEL = "-Onone";
			};
			name = Debug;
		};
		F968E53C2AF1232300FB73C5 /* Release */ = {
			isa = XCBuildConfiguration;
			buildSettings = {
				ALWAYS_SEARCH_USER_PATHS = NO;
				ASSETCATALOG_COMPILER_GENERATE_SWIFT_ASSET_SYMBOL_EXTENSIONS = YES;
				CLANG_ANALYZER_NONNULL = YES;
				CLANG_ANALYZER_NUMBER_OBJECT_CONVERSION = YES_AGGRESSIVE;
				CLANG_CXX_LANGUAGE_STANDARD = "gnu++20";
				CLANG_ENABLE_MODULES = YES;
				CLANG_ENABLE_OBJC_ARC = YES;
				CLANG_ENABLE_OBJC_WEAK = YES;
				CLANG_WARN_BLOCK_CAPTURE_AUTORELEASING = YES;
				CLANG_WARN_BOOL_CONVERSION = YES;
				CLANG_WARN_COMMA = YES;
				CLANG_WARN_CONSTANT_CONVERSION = YES;
				CLANG_WARN_DEPRECATED_OBJC_IMPLEMENTATIONS = YES;
				CLANG_WARN_DIRECT_OBJC_ISA_USAGE = YES_ERROR;
				CLANG_WARN_DOCUMENTATION_COMMENTS = YES;
				CLANG_WARN_EMPTY_BODY = YES;
				CLANG_WARN_ENUM_CONVERSION = YES;
				CLANG_WARN_INFINITE_RECURSION = YES;
				CLANG_WARN_INT_CONVERSION = YES;
				CLANG_WARN_NON_LITERAL_NULL_CONVERSION = YES;
				CLANG_WARN_OBJC_IMPLICIT_RETAIN_SELF = YES;
				CLANG_WARN_OBJC_LITERAL_CONVERSION = YES;
				CLANG_WARN_OBJC_ROOT_CLASS = YES_ERROR;
				CLANG_WARN_QUOTED_INCLUDE_IN_FRAMEWORK_HEADER = YES;
				CLANG_WARN_RANGE_LOOP_ANALYSIS = YES;
				CLANG_WARN_STRICT_PROTOTYPES = YES;
				CLANG_WARN_SUSPICIOUS_MOVE = YES;
				CLANG_WARN_UNGUARDED_AVAILABILITY = YES_AGGRESSIVE;
				CLANG_WARN_UNREACHABLE_CODE = YES;
				CLANG_WARN__DUPLICATE_METHOD_MATCH = YES;
				COPY_PHASE_STRIP = NO;
				DEBUG_INFORMATION_FORMAT = "dwarf-with-dsym";
				ENABLE_NS_ASSERTIONS = NO;
				ENABLE_STRICT_OBJC_MSGSEND = YES;
				ENABLE_USER_SCRIPT_SANDBOXING = YES;
				GCC_C_LANGUAGE_STANDARD = gnu17;
				GCC_NO_COMMON_BLOCKS = YES;
				GCC_WARN_64_TO_32_BIT_CONVERSION = YES;
				GCC_WARN_ABOUT_RETURN_TYPE = YES_ERROR;
				GCC_WARN_UNDECLARED_SELECTOR = YES;
				GCC_WARN_UNINITIALIZED_AUTOS = YES_AGGRESSIVE;
				GCC_WARN_UNUSED_FUNCTION = YES;
				GCC_WARN_UNUSED_VARIABLE = YES;
				IPHONEOS_DEPLOYMENT_TARGET = 17.0;
				LOCALIZATION_PREFERS_STRING_CATALOGS = YES;
				MTL_ENABLE_DEBUG_INFO = NO;
				MTL_FAST_MATH = YES;
				SDKROOT = iphoneos;
				SWIFT_COMPILATION_MODE = wholemodule;
				VALIDATE_PRODUCT = YES;
			};
			name = Release;
		};
		F968E53E2AF1232300FB73C5 /* Debug */ = {
			isa = XCBuildConfiguration;
			buildSettings = {
				ASSETCATALOG_COMPILER_APPICON_NAME = AppIcon;
				ASSETCATALOG_COMPILER_GLOBAL_ACCENT_COLOR_NAME = AccentColor;
				CODE_SIGN_STYLE = Automatic;
				CURRENT_PROJECT_VERSION = 1;
				GENERATE_INFOPLIST_FILE = YES;
				INFOPLIST_FILE = shop/Info.plist;
				INFOPLIST_KEY_UIApplicationSupportsIndirectInputEvents = YES;
				INFOPLIST_KEY_UILaunchStoryboardName = LaunchScreen;
				INFOPLIST_KEY_UISupportedInterfaceOrientations_iPad = "UIInterfaceOrientationPortrait UIInterfaceOrientationPortraitUpsideDown UIInterfaceOrientationLandscapeLeft UIInterfaceOrientationLandscapeRight";
				INFOPLIST_KEY_UISupportedInterfaceOrientations_iPhone = "UIInterfaceOrientationPortrait UIInterfaceOrientationLandscapeLeft UIInterfaceOrientationLandscapeRight";
				LD_RUNPATH_SEARCH_PATHS = (
					"$(inherited)",
					"@executable_path/Frameworks",
				);
				MARKETING_VERSION = 1.0;
				PRODUCT_BUNDLE_IDENTIFIER = jykaswift.shop;
				PRODUCT_NAME = "$(TARGET_NAME)";
				SWIFT_EMIT_LOC_STRINGS = YES;
				SWIFT_VERSION = 5.0;
				TARGETED_DEVICE_FAMILY = "1,2";
			};
			name = Debug;
		};
		F968E53F2AF1232300FB73C5 /* Release */ = {
			isa = XCBuildConfiguration;
			buildSettings = {
				ASSETCATALOG_COMPILER_APPICON_NAME = AppIcon;
				ASSETCATALOG_COMPILER_GLOBAL_ACCENT_COLOR_NAME = AccentColor;
				CODE_SIGN_STYLE = Automatic;
				CURRENT_PROJECT_VERSION = 1;
				GENERATE_INFOPLIST_FILE = YES;
				INFOPLIST_FILE = shop/Info.plist;
				INFOPLIST_KEY_UIApplicationSupportsIndirectInputEvents = YES;
				INFOPLIST_KEY_UILaunchStoryboardName = LaunchScreen;
				INFOPLIST_KEY_UISupportedInterfaceOrientations_iPad = "UIInterfaceOrientationPortrait UIInterfaceOrientationPortraitUpsideDown UIInterfaceOrientationLandscapeLeft UIInterfaceOrientationLandscapeRight";
				INFOPLIST_KEY_UISupportedInterfaceOrientations_iPhone = "UIInterfaceOrientationPortrait UIInterfaceOrientationLandscapeLeft UIInterfaceOrientationLandscapeRight";
				LD_RUNPATH_SEARCH_PATHS = (
					"$(inherited)",
					"@executable_path/Frameworks",
				);
				MARKETING_VERSION = 1.0;
				PRODUCT_BUNDLE_IDENTIFIER = jykaswift.shop;
				PRODUCT_NAME = "$(TARGET_NAME)";
				SWIFT_EMIT_LOC_STRINGS = YES;
				SWIFT_VERSION = 5.0;
				TARGETED_DEVICE_FAMILY = "1,2";
			};
			name = Release;
		};
/* End XCBuildConfiguration section */

/* Begin XCConfigurationList section */
		F968E5242AF1232100FB73C5 /* Build configuration list for PBXProject "shop" */ = {
			isa = XCConfigurationList;
			buildConfigurations = (
				F968E53B2AF1232300FB73C5 /* Debug */,
				F968E53C2AF1232300FB73C5 /* Release */,
			);
			defaultConfigurationIsVisible = 0;
			defaultConfigurationName = Release;
		};
		F968E53D2AF1232300FB73C5 /* Build configuration list for PBXNativeTarget "shop" */ = {
			isa = XCConfigurationList;
			buildConfigurations = (
				F968E53E2AF1232300FB73C5 /* Debug */,
				F968E53F2AF1232300FB73C5 /* Release */,
			);
			defaultConfigurationIsVisible = 0;
			defaultConfigurationName = Release;
		};
/* End XCConfigurationList section */
	};
	rootObject = F968E5212AF1232100FB73C5 /* Project object */;
}
